// !$*UTF8*$!
{
	archiveVersion = 1;
	classes = {
	};
	objectVersion = 50;
	objects = {

/* Begin PBXBuildFile section */
		836403DFB9CBE2BE3D22CFAF /* Pods_NewsReader.framework in Frameworks */ = {isa = PBXBuildFile; fileRef = 44FF2A6773F3410467E22704 /* Pods_NewsReader.framework */; };
		8F649344858FAC55C0D602FF /* Pods_NewsReaderTests.framework in Frameworks */ = {isa = PBXBuildFile; fileRef = 1555BF264EE47522E7F136CA /* Pods_NewsReaderTests.framework */; };
		DB889527225017E90099503F /* NewsReaderTableViewController.swift in Sources */ = {isa = PBXBuildFile; fileRef = DB889526225017E90099503F /* NewsReaderTableViewController.swift */; };
		DBE843AA225098DE004E428B /* TableViewCell.swift in Sources */ = {isa = PBXBuildFile; fileRef = DBE843A9225098DE004E428B /* TableViewCell.swift */; };
		DBE843AC22509A37004E428B /* NewsData.swift in Sources */ = {isa = PBXBuildFile; fileRef = DBE843AB22509A37004E428B /* NewsData.swift */; };
		DBFCC0D1225007C80075DE2E /* AppDelegate.swift in Sources */ = {isa = PBXBuildFile; fileRef = DBFCC0D0225007C80075DE2E /* AppDelegate.swift */; };
		DBFCC0D6225007C80075DE2E /* Main.storyboard in Resources */ = {isa = PBXBuildFile; fileRef = DBFCC0D4225007C80075DE2E /* Main.storyboard */; };
		DBFCC0D8225007CA0075DE2E /* Assets.xcassets in Resources */ = {isa = PBXBuildFile; fileRef = DBFCC0D7225007CA0075DE2E /* Assets.xcassets */; };
		DBFCC0DB225007CA0075DE2E /* LaunchScreen.storyboard in Resources */ = {isa = PBXBuildFile; fileRef = DBFCC0D9225007CA0075DE2E /* LaunchScreen.storyboard */; };
		DBFCC0E6225007CA0075DE2E /* NewsReaderTests.swift in Sources */ = {isa = PBXBuildFile; fileRef = DBFCC0E5225007CA0075DE2E /* NewsReaderTests.swift */; };
		DBFCC0F1225007CA0075DE2E /* NewsReaderUITests.swift in Sources */ = {isa = PBXBuildFile; fileRef = DBFCC0F0225007CA0075DE2E /* NewsReaderUITests.swift */; };
		E85EE8D99162ACDB025231AF /* Pods_NewsReaderUITests.framework in Frameworks */ = {isa = PBXBuildFile; fileRef = 360AA7550356278E70AAEF33 /* Pods_NewsReaderUITests.framework */; };
/* End PBXBuildFile section */

/* Begin PBXContainerItemProxy section */
		DBFCC0E2225007CA0075DE2E /* PBXContainerItemProxy */ = {
			isa = PBXContainerItemProxy;
			containerPortal = DBFCC0C5225007C80075DE2E /* Project object */;
			proxyType = 1;
			remoteGlobalIDString = DBFCC0CC225007C80075DE2E;
			remoteInfo = NewsReader;
		};
		DBFCC0ED225007CA0075DE2E /* PBXContainerItemProxy */ = {
			isa = PBXContainerItemProxy;
			containerPortal = DBFCC0C5225007C80075DE2E /* Project object */;
			proxyType = 1;
			remoteGlobalIDString = DBFCC0CC225007C80075DE2E;
			remoteInfo = NewsReader;
		};
/* End PBXContainerItemProxy section */

/* Begin PBXFileReference section */
		0C035D10C8A3EE38ADDF689C /* Pods-NewsReader.release.xcconfig */ = {isa = PBXFileReference; includeInIndex = 1; lastKnownFileType = text.xcconfig; name = "Pods-NewsReader.release.xcconfig"; path = "Pods/Target Support Files/Pods-NewsReader/Pods-NewsReader.release.xcconfig"; sourceTree = "<group>"; };
		1349DACF1B2F135CFB617F85 /* Pods-NewsReaderUITests.debug.xcconfig */ = {isa = PBXFileReference; includeInIndex = 1; lastKnownFileType = text.xcconfig; name = "Pods-NewsReaderUITests.debug.xcconfig"; path = "Pods/Target Support Files/Pods-NewsReaderUITests/Pods-NewsReaderUITests.debug.xcconfig"; sourceTree = "<group>"; };
		1555BF264EE47522E7F136CA /* Pods_NewsReaderTests.framework */ = {isa = PBXFileReference; explicitFileType = wrapper.framework; includeInIndex = 0; path = Pods_NewsReaderTests.framework; sourceTree = BUILT_PRODUCTS_DIR; };
		1D1674FA7B6BD0FBE956F2E6 /* Pods-NewsReaderUITests.release.xcconfig */ = {isa = PBXFileReference; includeInIndex = 1; lastKnownFileType = text.xcconfig; name = "Pods-NewsReaderUITests.release.xcconfig"; path = "Pods/Target Support Files/Pods-NewsReaderUITests/Pods-NewsReaderUITests.release.xcconfig"; sourceTree = "<group>"; };
		360AA7550356278E70AAEF33 /* Pods_NewsReaderUITests.framework */ = {isa = PBXFileReference; explicitFileType = wrapper.framework; includeInIndex = 0; path = Pods_NewsReaderUITests.framework; sourceTree = BUILT_PRODUCTS_DIR; };
		44FF2A6773F3410467E22704 /* Pods_NewsReader.framework */ = {isa = PBXFileReference; explicitFileType = wrapper.framework; includeInIndex = 0; path = Pods_NewsReader.framework; sourceTree = BUILT_PRODUCTS_DIR; };
		711C61281CE975A523230B89 /* Pods-NewsReaderTests.debug.xcconfig */ = {isa = PBXFileReference; includeInIndex = 1; lastKnownFileType = text.xcconfig; name = "Pods-NewsReaderTests.debug.xcconfig"; path = "Pods/Target Support Files/Pods-NewsReaderTests/Pods-NewsReaderTests.debug.xcconfig"; sourceTree = "<group>"; };
		AF84ED8BFE9EA7E9C56D98F9 /* Pods-NewsReaderTests.release.xcconfig */ = {isa = PBXFileReference; includeInIndex = 1; lastKnownFileType = text.xcconfig; name = "Pods-NewsReaderTests.release.xcconfig"; path = "Pods/Target Support Files/Pods-NewsReaderTests/Pods-NewsReaderTests.release.xcconfig"; sourceTree = "<group>"; };
		DB889526225017E90099503F /* NewsReaderTableViewController.swift */ = {isa = PBXFileReference; lastKnownFileType = sourcecode.swift; path = NewsReaderTableViewController.swift; sourceTree = "<group>"; };
		DBE843A9225098DE004E428B /* TableViewCell.swift */ = {isa = PBXFileReference; lastKnownFileType = sourcecode.swift; path = TableViewCell.swift; sourceTree = "<group>"; };
		DBE843AB22509A37004E428B /* NewsData.swift */ = {isa = PBXFileReference; lastKnownFileType = sourcecode.swift; path = NewsData.swift; sourceTree = "<group>"; };
		DBFCC0CD225007C80075DE2E /* NewsReader.app */ = {isa = PBXFileReference; explicitFileType = wrapper.application; includeInIndex = 0; path = NewsReader.app; sourceTree = BUILT_PRODUCTS_DIR; };
		DBFCC0D0225007C80075DE2E /* AppDelegate.swift */ = {isa = PBXFileReference; lastKnownFileType = sourcecode.swift; path = AppDelegate.swift; sourceTree = "<group>"; };
		DBFCC0D5225007C80075DE2E /* Base */ = {isa = PBXFileReference; lastKnownFileType = file.storyboard; name = Base; path = Base.lproj/Main.storyboard; sourceTree = "<group>"; };
		DBFCC0D7225007CA0075DE2E /* Assets.xcassets */ = {isa = PBXFileReference; lastKnownFileType = folder.assetcatalog; path = Assets.xcassets; sourceTree = "<group>"; };
		DBFCC0DA225007CA0075DE2E /* Base */ = {isa = PBXFileReference; lastKnownFileType = file.storyboard; name = Base; path = Base.lproj/LaunchScreen.storyboard; sourceTree = "<group>"; };
		DBFCC0DC225007CA0075DE2E /* Info.plist */ = {isa = PBXFileReference; lastKnownFileType = text.plist.xml; path = Info.plist; sourceTree = "<group>"; };
		DBFCC0E1225007CA0075DE2E /* NewsReaderTests.xctest */ = {isa = PBXFileReference; explicitFileType = wrapper.cfbundle; includeInIndex = 0; path = NewsReaderTests.xctest; sourceTree = BUILT_PRODUCTS_DIR; };
		DBFCC0E5225007CA0075DE2E /* NewsReaderTests.swift */ = {isa = PBXFileReference; lastKnownFileType = sourcecode.swift; path = NewsReaderTests.swift; sourceTree = "<group>"; };
		DBFCC0E7225007CA0075DE2E /* Info.plist */ = {isa = PBXFileReference; lastKnownFileType = text.plist.xml; path = Info.plist; sourceTree = "<group>"; };
		DBFCC0EC225007CA0075DE2E /* NewsReaderUITests.xctest */ = {isa = PBXFileReference; explicitFileType = wrapper.cfbundle; includeInIndex = 0; path = NewsReaderUITests.xctest; sourceTree = BUILT_PRODUCTS_DIR; };
		DBFCC0F0225007CA0075DE2E /* NewsReaderUITests.swift */ = {isa = PBXFileReference; lastKnownFileType = sourcecode.swift; path = NewsReaderUITests.swift; sourceTree = "<group>"; };
		DBFCC0F2225007CA0075DE2E /* Info.plist */ = {isa = PBXFileReference; lastKnownFileType = text.plist.xml; path = Info.plist; sourceTree = "<group>"; };
		E3AA46BF0F3483BF02A04E7B /* Pods-NewsReader.debug.xcconfig */ = {isa = PBXFileReference; includeInIndex = 1; lastKnownFileType = text.xcconfig; name = "Pods-NewsReader.debug.xcconfig"; path = "Pods/Target Support Files/Pods-NewsReader/Pods-NewsReader.debug.xcconfig"; sourceTree = "<group>"; };
/* End PBXFileReference section */

/* Begin PBXFrameworksBuildPhase section */
		DBFCC0CA225007C80075DE2E /* Frameworks */ = {
			isa = PBXFrameworksBuildPhase;
			buildActionMask = 2147483647;
			files = (
				836403DFB9CBE2BE3D22CFAF /* Pods_NewsReader.framework in Frameworks */,
			);
			runOnlyForDeploymentPostprocessing = 0;
		};
		DBFCC0DE225007CA0075DE2E /* Frameworks */ = {
			isa = PBXFrameworksBuildPhase;
			buildActionMask = 2147483647;
			files = (
				8F649344858FAC55C0D602FF /* Pods_NewsReaderTests.framework in Frameworks */,
			);
			runOnlyForDeploymentPostprocessing = 0;
		};
		DBFCC0E9225007CA0075DE2E /* Frameworks */ = {
			isa = PBXFrameworksBuildPhase;
			buildActionMask = 2147483647;
			files = (
				E85EE8D99162ACDB025231AF /* Pods_NewsReaderUITests.framework in Frameworks */,
			);
			runOnlyForDeploymentPostprocessing = 0;
		};
/* End PBXFrameworksBuildPhase section */

/* Begin PBXGroup section */
		405A63CF8B531AD2832DB72B /* Pods */ = {
			isa = PBXGroup;
			children = (
				E3AA46BF0F3483BF02A04E7B /* Pods-NewsReader.debug.xcconfig */,
				0C035D10C8A3EE38ADDF689C /* Pods-NewsReader.release.xcconfig */,
				711C61281CE975A523230B89 /* Pods-NewsReaderTests.debug.xcconfig */,
				AF84ED8BFE9EA7E9C56D98F9 /* Pods-NewsReaderTests.release.xcconfig */,
				1349DACF1B2F135CFB617F85 /* Pods-NewsReaderUITests.debug.xcconfig */,
				1D1674FA7B6BD0FBE956F2E6 /* Pods-NewsReaderUITests.release.xcconfig */,
			);
			name = Pods;
			sourceTree = "<group>";
		};
		D705D39A086A60A95C94A88D /* Frameworks */ = {
			isa = PBXGroup;
			children = (
				44FF2A6773F3410467E22704 /* Pods_NewsReader.framework */,
				1555BF264EE47522E7F136CA /* Pods_NewsReaderTests.framework */,
				360AA7550356278E70AAEF33 /* Pods_NewsReaderUITests.framework */,
			);
			name = Frameworks;
			sourceTree = "<group>";
		};
		DB88951B22500A5F0099503F /* Model */ = {
			isa = PBXGroup;
			children = (
				DBE843AB22509A37004E428B /* NewsData.swift */,
			);
			path = Model;
			sourceTree = "<group>";
		};
		DB88951C22500B6A0099503F /* View */ = {
			isa = PBXGroup;
			children = (
				DBFCC0D9225007CA0075DE2E /* LaunchScreen.storyboard */,
				DBFCC0D4225007C80075DE2E /* Main.storyboard */,
				DBE843A9225098DE004E428B /* TableViewCell.swift */,
			);
			path = View;
			sourceTree = "<group>";
		};
		DB88951D22500B730099503F /* Controller */ = {
			isa = PBXGroup;
			children = (
				DB889526225017E90099503F /* NewsReaderTableViewController.swift */,
			);
			path = Controller;
			sourceTree = "<group>";
		};
		DBFCC0C4225007C80075DE2E = {
			isa = PBXGroup;
			children = (
				DBFCC0CF225007C80075DE2E /* NewsReader */,
				DBFCC0E4225007CA0075DE2E /* NewsReaderTests */,
				DBFCC0EF225007CA0075DE2E /* NewsReaderUITests */,
				DBFCC0CE225007C80075DE2E /* Products */,
				405A63CF8B531AD2832DB72B /* Pods */,
				D705D39A086A60A95C94A88D /* Frameworks */,
			);
			sourceTree = "<group>";
		};
		DBFCC0CE225007C80075DE2E /* Products */ = {
			isa = PBXGroup;
			children = (
				DBFCC0CD225007C80075DE2E /* NewsReader.app */,
				DBFCC0E1225007CA0075DE2E /* NewsReaderTests.xctest */,
				DBFCC0EC225007CA0075DE2E /* NewsReaderUITests.xctest */,
			);
			name = Products;
			sourceTree = "<group>";
		};
		DBFCC0CF225007C80075DE2E /* NewsReader */ = {
			isa = PBXGroup;
			children = (
				DB88951B22500A5F0099503F /* Model */,
				DB88951C22500B6A0099503F /* View */,
				DB88951D22500B730099503F /* Controller */,
				DBFCC0D0225007C80075DE2E /* AppDelegate.swift */,
				DBFCC0D7225007CA0075DE2E /* Assets.xcassets */,
				DBFCC0DC225007CA0075DE2E /* Info.plist */,
			);
			path = NewsReader;
			sourceTree = "<group>";
		};
		DBFCC0E4225007CA0075DE2E /* NewsReaderTests */ = {
			isa = PBXGroup;
			children = (
				DBFCC0E5225007CA0075DE2E /* NewsReaderTests.swift */,
				DBFCC0E7225007CA0075DE2E /* Info.plist */,
			);
			path = NewsReaderTests;
			sourceTree = "<group>";
		};
		DBFCC0EF225007CA0075DE2E /* NewsReaderUITests */ = {
			isa = PBXGroup;
			children = (
				DBFCC0F0225007CA0075DE2E /* NewsReaderUITests.swift */,
				DBFCC0F2225007CA0075DE2E /* Info.plist */,
			);
			path = NewsReaderUITests;
			sourceTree = "<group>";
		};
/* End PBXGroup section */

/* Begin PBXNativeTarget section */
		DBFCC0CC225007C80075DE2E /* NewsReader */ = {
			isa = PBXNativeTarget;
			buildConfigurationList = DBFCC0F5225007CA0075DE2E /* Build configuration list for PBXNativeTarget "NewsReader" */;
			buildPhases = (
				9B402E9CBA6799775B1A55AA /* [CP] Check Pods Manifest.lock */,
				DBFCC0C9225007C80075DE2E /* Sources */,
				DBFCC0CA225007C80075DE2E /* Frameworks */,
				DBFCC0CB225007C80075DE2E /* Resources */,
				9F42E57CDB250DAF1E2BCAFF /* [CP] Embed Pods Frameworks */,
			);
			buildRules = (
			);
			dependencies = (
			);
			name = NewsReader;
			productName = NewsReader;
			productReference = DBFCC0CD225007C80075DE2E /* NewsReader.app */;
			productType = "com.apple.product-type.application";
		};
		DBFCC0E0225007CA0075DE2E /* NewsReaderTests */ = {
			isa = PBXNativeTarget;
			buildConfigurationList = DBFCC0F8225007CA0075DE2E /* Build configuration list for PBXNativeTarget "NewsReaderTests" */;
			buildPhases = (
				C4992553756E4A6851E864BD /* [CP] Check Pods Manifest.lock */,
				DBFCC0DD225007CA0075DE2E /* Sources */,
				DBFCC0DE225007CA0075DE2E /* Frameworks */,
				DBFCC0DF225007CA0075DE2E /* Resources */,
			);
			buildRules = (
			);
			dependencies = (
				DBFCC0E3225007CA0075DE2E /* PBXTargetDependency */,
			);
			name = NewsReaderTests;
			productName = NewsReaderTests;
			productReference = DBFCC0E1225007CA0075DE2E /* NewsReaderTests.xctest */;
			productType = "com.apple.product-type.bundle.unit-test";
		};
		DBFCC0EB225007CA0075DE2E /* NewsReaderUITests */ = {
			isa = PBXNativeTarget;
			buildConfigurationList = DBFCC0FB225007CA0075DE2E /* Build configuration list for PBXNativeTarget "NewsReaderUITests" */;
			buildPhases = (
				6ACFEADCA4692DA96DEC9F1E /* [CP] Check Pods Manifest.lock */,
				DBFCC0E8225007CA0075DE2E /* Sources */,
				DBFCC0E9225007CA0075DE2E /* Frameworks */,
				DBFCC0EA225007CA0075DE2E /* Resources */,
			);
			buildRules = (
			);
			dependencies = (
				DBFCC0EE225007CA0075DE2E /* PBXTargetDependency */,
			);
			name = NewsReaderUITests;
			productName = NewsReaderUITests;
			productReference = DBFCC0EC225007CA0075DE2E /* NewsReaderUITests.xctest */;
			productType = "com.apple.product-type.bundle.ui-testing";
		};
/* End PBXNativeTarget section */

/* Begin PBXProject section */
		DBFCC0C5225007C80075DE2E /* Project object */ = {
			isa = PBXProject;
			attributes = {
				LastSwiftUpdateCheck = 1010;
				LastUpgradeCheck = 1010;
				ORGANIZATIONNAME = "Azure Horse Creations";
				TargetAttributes = {
					DBFCC0CC225007C80075DE2E = {
						CreatedOnToolsVersion = 10.1;
					};
					DBFCC0E0225007CA0075DE2E = {
						CreatedOnToolsVersion = 10.1;
						TestTargetID = DBFCC0CC225007C80075DE2E;
					};
					DBFCC0EB225007CA0075DE2E = {
						CreatedOnToolsVersion = 10.1;
						TestTargetID = DBFCC0CC225007C80075DE2E;
					};
				};
			};
			buildConfigurationList = DBFCC0C8225007C80075DE2E /* Build configuration list for PBXProject "NewsReader" */;
			compatibilityVersion = "Xcode 9.3";
			developmentRegion = en;
			hasScannedForEncodings = 0;
			knownRegions = (
				en,
				Base,
			);
			mainGroup = DBFCC0C4225007C80075DE2E;
			productRefGroup = DBFCC0CE225007C80075DE2E /* Products */;
			projectDirPath = "";
			projectRoot = "";
			targets = (
				DBFCC0CC225007C80075DE2E /* NewsReader */,
				DBFCC0E0225007CA0075DE2E /* NewsReaderTests */,
				DBFCC0EB225007CA0075DE2E /* NewsReaderUITests */,
			);
		};
/* End PBXProject section */

/* Begin PBXResourcesBuildPhase section */
		DBFCC0CB225007C80075DE2E /* Resources */ = {
			isa = PBXResourcesBuildPhase;
			buildActionMask = 2147483647;
			files = (
				DBFCC0DB225007CA0075DE2E /* LaunchScreen.storyboard in Resources */,
				DBFCC0D8225007CA0075DE2E /* Assets.xcassets in Resources */,
				DBFCC0D6225007C80075DE2E /* Main.storyboard in Resources */,
			);
			runOnlyForDeploymentPostprocessing = 0;
		};
		DBFCC0DF225007CA0075DE2E /* Resources */ = {
			isa = PBXResourcesBuildPhase;
			buildActionMask = 2147483647;
			files = (
			);
			runOnlyForDeploymentPostprocessing = 0;
		};
		DBFCC0EA225007CA0075DE2E /* Resources */ = {
			isa = PBXResourcesBuildPhase;
			buildActionMask = 2147483647;
			files = (
			);
			runOnlyForDeploymentPostprocessing = 0;
		};
/* End PBXResourcesBuildPhase section */

/* Begin PBXShellScriptBuildPhase section */
		6ACFEADCA4692DA96DEC9F1E /* [CP] Check Pods Manifest.lock */ = {
			isa = PBXShellScriptBuildPhase;
			buildActionMask = 2147483647;
			files = (
			);
			inputPaths = (
				"${PODS_PODFILE_DIR_PATH}/Podfile.lock",
				"${PODS_ROOT}/Manifest.lock",
			);
			name = "[CP] Check Pods Manifest.lock";
			outputPaths = (
				"$(DERIVED_FILE_DIR)/Pods-NewsReaderUITests-checkManifestLockResult.txt",
			);
			runOnlyForDeploymentPostprocessing = 0;
			shellPath = /bin/sh;
			shellScript = "diff \"${PODS_PODFILE_DIR_PATH}/Podfile.lock\" \"${PODS_ROOT}/Manifest.lock\" > /dev/null\nif [ $? != 0 ] ; then\n    # print error to STDERR\n    echo \"error: The sandbox is not in sync with the Podfile.lock. Run 'pod install' or update your CocoaPods installation.\" >&2\n    exit 1\nfi\n# This output is used by Xcode 'outputs' to avoid re-running this script phase.\necho \"SUCCESS\" > \"${SCRIPT_OUTPUT_FILE_0}\"\n";
			showEnvVarsInLog = 0;
		};
		9B402E9CBA6799775B1A55AA /* [CP] Check Pods Manifest.lock */ = {
			isa = PBXShellScriptBuildPhase;
			buildActionMask = 2147483647;
			files = (
			);
			inputPaths = (
				"${PODS_PODFILE_DIR_PATH}/Podfile.lock",
				"${PODS_ROOT}/Manifest.lock",
			);
			name = "[CP] Check Pods Manifest.lock";
			outputPaths = (
				"$(DERIVED_FILE_DIR)/Pods-NewsReader-checkManifestLockResult.txt",
			);
			runOnlyForDeploymentPostprocessing = 0;
			shellPath = /bin/sh;
			shellScript = "diff \"${PODS_PODFILE_DIR_PATH}/Podfile.lock\" \"${PODS_ROOT}/Manifest.lock\" > /dev/null\nif [ $? != 0 ] ; then\n    # print error to STDERR\n    echo \"error: The sandbox is not in sync with the Podfile.lock. Run 'pod install' or update your CocoaPods installation.\" >&2\n    exit 1\nfi\n# This output is used by Xcode 'outputs' to avoid re-running this script phase.\necho \"SUCCESS\" > \"${SCRIPT_OUTPUT_FILE_0}\"\n";
			showEnvVarsInLog = 0;
		};
		9F42E57CDB250DAF1E2BCAFF /* [CP] Embed Pods Frameworks */ = {
			isa = PBXShellScriptBuildPhase;
			buildActionMask = 2147483647;
			files = (
			);
			inputPaths = (
				"${SRCROOT}/Pods/Target Support Files/Pods-NewsReader/Pods-NewsReader-frameworks.sh",
				"${BUILT_PRODUCTS_DIR}/Alamofire/Alamofire.framework",
				"${BUILT_PRODUCTS_DIR}/AlamofireImage/AlamofireImage.framework",
				"${BUILT_PRODUCTS_DIR}/OHHTTPStubs/OHHTTPStubs.framework",
				"${BUILT_PRODUCTS_DIR}/SVProgressHUD/SVProgressHUD.framework",
				"${BUILT_PRODUCTS_DIR}/SwiftyJSON/SwiftyJSON.framework",
			);
			name = "[CP] Embed Pods Frameworks";
			outputPaths = (
				"${TARGET_BUILD_DIR}/${FRAMEWORKS_FOLDER_PATH}/Alamofire.framework",
				"${TARGET_BUILD_DIR}/${FRAMEWORKS_FOLDER_PATH}/AlamofireImage.framework",
				"${TARGET_BUILD_DIR}/${FRAMEWORKS_FOLDER_PATH}/OHHTTPStubs.framework",
				"${TARGET_BUILD_DIR}/${FRAMEWORKS_FOLDER_PATH}/SVProgressHUD.framework",
				"${TARGET_BUILD_DIR}/${FRAMEWORKS_FOLDER_PATH}/SwiftyJSON.framework",
			);
			runOnlyForDeploymentPostprocessing = 0;
			shellPath = /bin/sh;
			shellScript = "\"${SRCROOT}/Pods/Target Support Files/Pods-NewsReader/Pods-NewsReader-frameworks.sh\"\n";
			showEnvVarsInLog = 0;
		};
		C4992553756E4A6851E864BD /* [CP] Check Pods Manifest.lock */ = {
			isa = PBXShellScriptBuildPhase;
			buildActionMask = 2147483647;
			files = (
			);
			inputPaths = (
				"${PODS_PODFILE_DIR_PATH}/Podfile.lock",
				"${PODS_ROOT}/Manifest.lock",
			);
			name = "[CP] Check Pods Manifest.lock";
			outputPaths = (
				"$(DERIVED_FILE_DIR)/Pods-NewsReaderTests-checkManifestLockResult.txt",
			);
			runOnlyForDeploymentPostprocessing = 0;
			shellPath = /bin/sh;
			shellScript = "diff \"${PODS_PODFILE_DIR_PATH}/Podfile.lock\" \"${PODS_ROOT}/Manifest.lock\" > /dev/null\nif [ $? != 0 ] ; then\n    # print error to STDERR\n    echo \"error: The sandbox is not in sync with the Podfile.lock. Run 'pod install' or update your CocoaPods installation.\" >&2\n    exit 1\nfi\n# This output is used by Xcode 'outputs' to avoid re-running this script phase.\necho \"SUCCESS\" > \"${SCRIPT_OUTPUT_FILE_0}\"\n";
			showEnvVarsInLog = 0;
		};
/* End PBXShellScriptBuildPhase section */

/* Begin PBXSourcesBuildPhase section */
		DBFCC0C9225007C80075DE2E /* Sources */ = {
			isa = PBXSourcesBuildPhase;
			buildActionMask = 2147483647;
			files = (
				DBE843AC22509A37004E428B /* NewsData.swift in Sources */,
				DB889527225017E90099503F /* NewsReaderTableViewController.swift in Sources */,
				DBFCC0D1225007C80075DE2E /* AppDelegate.swift in Sources */,
				DBE843AA225098DE004E428B /* TableViewCell.swift in Sources */,
			);
			runOnlyForDeploymentPostprocessing = 0;
		};
		DBFCC0DD225007CA0075DE2E /* Sources */ = {
			isa = PBXSourcesBuildPhase;
			buildActionMask = 2147483647;
			files = (
				DBFCC0E6225007CA0075DE2E /* NewsReaderTests.swift in Sources */,
			);
			runOnlyForDeploymentPostprocessing = 0;
		};
		DBFCC0E8225007CA0075DE2E /* Sources */ = {
			isa = PBXSourcesBuildPhase;
			buildActionMask = 2147483647;
			files = (
				DBFCC0F1225007CA0075DE2E /* NewsReaderUITests.swift in Sources */,
			);
			runOnlyForDeploymentPostprocessing = 0;
		};
/* End PBXSourcesBuildPhase section */

/* Begin PBXTargetDependency section */
		DBFCC0E3225007CA0075DE2E /* PBXTargetDependency */ = {
			isa = PBXTargetDependency;
			target = DBFCC0CC225007C80075DE2E /* NewsReader */;
			targetProxy = DBFCC0E2225007CA0075DE2E /* PBXContainerItemProxy */;
		};
		DBFCC0EE225007CA0075DE2E /* PBXTargetDependency */ = {
			isa = PBXTargetDependency;
			target = DBFCC0CC225007C80075DE2E /* NewsReader */;
			targetProxy = DBFCC0ED225007CA0075DE2E /* PBXContainerItemProxy */;
		};
/* End PBXTargetDependency section */

/* Begin PBXVariantGroup section */
		DBFCC0D4225007C80075DE2E /* Main.storyboard */ = {
			isa = PBXVariantGroup;
			children = (
				DBFCC0D5225007C80075DE2E /* Base */,
			);
			name = Main.storyboard;
			sourceTree = "<group>";
		};
		DBFCC0D9225007CA0075DE2E /* LaunchScreen.storyboard */ = {
			isa = PBXVariantGroup;
			children = (
				DBFCC0DA225007CA0075DE2E /* Base */,
			);
			name = LaunchScreen.storyboard;
			sourceTree = "<group>";
		};
/* End PBXVariantGroup section */

/* Begin XCBuildConfiguration section */
		DBFCC0F3225007CA0075DE2E /* Debug */ = {
			isa = XCBuildConfiguration;
			buildSettings = {
				ALWAYS_SEARCH_USER_PATHS = NO;
				CLANG_ANALYZER_NONNULL = YES;
				CLANG_ANALYZER_NUMBER_OBJECT_CONVERSION = YES_AGGRESSIVE;
				CLANG_CXX_LANGUAGE_STANDARD = "gnu++14";
				CLANG_CXX_LIBRARY = "libc++";
				CLANG_ENABLE_MODULES = YES;
				CLANG_ENABLE_OBJC_ARC = YES;
				CLANG_ENABLE_OBJC_WEAK = YES;
				CLANG_WARN_BLOCK_CAPTURE_AUTORELEASING = YES;
				CLANG_WARN_BOOL_CONVERSION = YES;
				CLANG_WARN_COMMA = YES;
				CLANG_WARN_CONSTANT_CONVERSION = YES;
				CLANG_WARN_DEPRECATED_OBJC_IMPLEMENTATIONS = YES;
				CLANG_WARN_DIRECT_OBJC_ISA_USAGE = YES_ERROR;
				CLANG_WARN_DOCUMENTATION_COMMENTS = YES;
				CLANG_WARN_EMPTY_BODY = YES;
				CLANG_WARN_ENUM_CONVERSION = YES;
				CLANG_WARN_INFINITE_RECURSION = YES;
				CLANG_WARN_INT_CONVERSION = YES;
				CLANG_WARN_NON_LITERAL_NULL_CONVERSION = YES;
				CLANG_WARN_OBJC_IMPLICIT_RETAIN_SELF = YES;
				CLANG_WARN_OBJC_LITERAL_CONVERSION = YES;
				CLANG_WARN_OBJC_ROOT_CLASS = YES_ERROR;
				CLANG_WARN_RANGE_LOOP_ANALYSIS = YES;
				CLANG_WARN_STRICT_PROTOTYPES = YES;
				CLANG_WARN_SUSPICIOUS_MOVE = YES;
				CLANG_WARN_UNGUARDED_AVAILABILITY = YES_AGGRESSIVE;
				CLANG_WARN_UNREACHABLE_CODE = YES;
				CLANG_WARN__DUPLICATE_METHOD_MATCH = YES;
				CODE_SIGN_IDENTITY = "iPhone Developer";
				COPY_PHASE_STRIP = NO;
				DEBUG_INFORMATION_FORMAT = dwarf;
				ENABLE_STRICT_OBJC_MSGSEND = YES;
				ENABLE_TESTABILITY = YES;
				GCC_C_LANGUAGE_STANDARD = gnu11;
				GCC_DYNAMIC_NO_PIC = NO;
				GCC_NO_COMMON_BLOCKS = YES;
				GCC_OPTIMIZATION_LEVEL = 0;
				GCC_PREPROCESSOR_DEFINITIONS = (
					"DEBUG=1",
					"$(inherited)",
				);
				GCC_WARN_64_TO_32_BIT_CONVERSION = YES;
				GCC_WARN_ABOUT_RETURN_TYPE = YES_ERROR;
				GCC_WARN_UNDECLARED_SELECTOR = YES;
				GCC_WARN_UNINITIALIZED_AUTOS = YES_AGGRESSIVE;
				GCC_WARN_UNUSED_FUNCTION = YES;
				GCC_WARN_UNUSED_VARIABLE = YES;
				IPHONEOS_DEPLOYMENT_TARGET = 12.1;
				MTL_ENABLE_DEBUG_INFO = INCLUDE_SOURCE;
				MTL_FAST_MATH = YES;
				ONLY_ACTIVE_ARCH = YES;
				SDKROOT = iphoneos;
				SWIFT_ACTIVE_COMPILATION_CONDITIONS = DEBUG;
				SWIFT_OPTIMIZATION_LEVEL = "-Onone";
			};
			name = Debug;
		};
		DBFCC0F4225007CA0075DE2E /* Release */ = {
			isa = XCBuildConfiguration;
			buildSettings = {
				ALWAYS_SEARCH_USER_PATHS = NO;
				CLANG_ANALYZER_NONNULL = YES;
				CLANG_ANALYZER_NUMBER_OBJECT_CONVERSION = YES_AGGRESSIVE;
				CLANG_CXX_LANGUAGE_STANDARD = "gnu++14";
				CLANG_CXX_LIBRARY = "libc++";
				CLANG_ENABLE_MODULES = YES;
				CLANG_ENABLE_OBJC_ARC = YES;
				CLANG_ENABLE_OBJC_WEAK = YES;
				CLANG_WARN_BLOCK_CAPTURE_AUTORELEASING = YES;
				CLANG_WARN_BOOL_CONVERSION = YES;
				CLANG_WARN_COMMA = YES;
				CLANG_WARN_CONSTANT_CONVERSION = YES;
				CLANG_WARN_DEPRECATED_OBJC_IMPLEMENTATIONS = YES;
				CLANG_WARN_DIRECT_OBJC_ISA_USAGE = YES_ERROR;
				CLANG_WARN_DOCUMENTATION_COMMENTS = YES;
				CLANG_WARN_EMPTY_BODY = YES;
				CLANG_WARN_ENUM_CONVERSION = YES;
				CLANG_WARN_INFINITE_RECURSION = YES;
				CLANG_WARN_INT_CONVERSION = YES;
				CLANG_WARN_NON_LITERAL_NULL_CONVERSION = YES;
				CLANG_WARN_OBJC_IMPLICIT_RETAIN_SELF = YES;
				CLANG_WARN_OBJC_LITERAL_CONVERSION = YES;
				CLANG_WARN_OBJC_ROOT_CLASS = YES_ERROR;
				CLANG_WARN_RANGE_LOOP_ANALYSIS = YES;
				CLANG_WARN_STRICT_PROTOTYPES = YES;
				CLANG_WARN_SUSPICIOUS_MOVE = YES;
				CLANG_WARN_UNGUARDED_AVAILABILITY = YES_AGGRESSIVE;
				CLANG_WARN_UNREACHABLE_CODE = YES;
				CLANG_WARN__DUPLICATE_METHOD_MATCH = YES;
				CODE_SIGN_IDENTITY = "iPhone Developer";
				COPY_PHASE_STRIP = NO;
				DEBUG_INFORMATION_FORMAT = "dwarf-with-dsym";
				ENABLE_NS_ASSERTIONS = NO;
				ENABLE_STRICT_OBJC_MSGSEND = YES;
				GCC_C_LANGUAGE_STANDARD = gnu11;
				GCC_NO_COMMON_BLOCKS = YES;
				GCC_WARN_64_TO_32_BIT_CONVERSION = YES;
				GCC_WARN_ABOUT_RETURN_TYPE = YES_ERROR;
				GCC_WARN_UNDECLARED_SELECTOR = YES;
				GCC_WARN_UNINITIALIZED_AUTOS = YES_AGGRESSIVE;
				GCC_WARN_UNUSED_FUNCTION = YES;
				GCC_WARN_UNUSED_VARIABLE = YES;
				IPHONEOS_DEPLOYMENT_TARGET = 12.1;
				MTL_ENABLE_DEBUG_INFO = NO;
				MTL_FAST_MATH = YES;
				SDKROOT = iphoneos;
				SWIFT_COMPILATION_MODE = wholemodule;
				SWIFT_OPTIMIZATION_LEVEL = "-O";
				VALIDATE_PRODUCT = YES;
			};
			name = Release;
		};
		DBFCC0F6225007CA0075DE2E /* Debug */ = {
			isa = XCBuildConfiguration;
			baseConfigurationReference = E3AA46BF0F3483BF02A04E7B /* Pods-NewsReader.debug.xcconfig */;
			buildSettings = {
				ASSETCATALOG_COMPILER_APPICON_NAME = AppIcon;
				CODE_SIGN_STYLE = Automatic;
				DEVELOPMENT_TEAM = 92S6VPY8H9;
				INFOPLIST_FILE = NewsReader/Info.plist;
				IPHONEOS_DEPLOYMENT_TARGET = 12.1;
				LD_RUNPATH_SEARCH_PATHS = (
					"$(inherited)",
					"@executable_path/Frameworks",
				);
				PRODUCT_BUNDLE_IDENTIFIER = com.azurehorsecreations.NewsReader;
				PRODUCT_NAME = "$(TARGET_NAME)";
				SWIFT_VERSION = 4.2;
				TARGETED_DEVICE_FAMILY = "1,2";
			};
			name = Debug;
		};
		DBFCC0F7225007CA0075DE2E /* Release */ = {
			isa = XCBuildConfiguration;
			baseConfigurationReference = 0C035D10C8A3EE38ADDF689C /* Pods-NewsReader.release.xcconfig */;
			buildSettings = {
				ASSETCATALOG_COMPILER_APPICON_NAME = AppIcon;
				CODE_SIGN_STYLE = Automatic;
				DEVELOPMENT_TEAM = 92S6VPY8H9;
				INFOPLIST_FILE = NewsReader/Info.plist;
				IPHONEOS_DEPLOYMENT_TARGET = 12.1;
				LD_RUNPATH_SEARCH_PATHS = (
					"$(inherited)",
					"@executable_path/Frameworks",
				);
				PRODUCT_BUNDLE_IDENTIFIER = com.azurehorsecreations.NewsReader;
				PRODUCT_NAME = "$(TARGET_NAME)";
				SWIFT_VERSION = 4.2;
				TARGETED_DEVICE_FAMILY = "1,2";
			};
			name = Release;
		};
		DBFCC0F9225007CA0075DE2E /* Debug */ = {
			isa = XCBuildConfiguration;
			baseConfigurationReference = 711C61281CE975A523230B89 /* Pods-NewsReaderTests.debug.xcconfig */;
			buildSettings = {
				ALWAYS_EMBED_SWIFT_STANDARD_LIBRARIES = YES;
				BUNDLE_LOADER = "$(TEST_HOST)";
				CODE_SIGN_STYLE = Automatic;
				DEVELOPMENT_TEAM = 92S6VPY8H9;
				INFOPLIST_FILE = NewsReaderTests/Info.plist;
				LD_RUNPATH_SEARCH_PATHS = (
					"$(inherited)",
					"@executable_path/Frameworks",
					"@loader_path/Frameworks",
				);
				PRODUCT_BUNDLE_IDENTIFIER = com.azurehorsecreations.NewsReaderTests;
				PRODUCT_NAME = "$(TARGET_NAME)";
				SWIFT_VERSION = 4.2;
				TARGETED_DEVICE_FAMILY = "1,2";
				TEST_HOST = "$(BUILT_PRODUCTS_DIR)/NewsReader.app/NewsReader";
			};
			name = Debug;
		};
		DBFCC0FA225007CA0075DE2E /* Release */ = {
			isa = XCBuildConfiguration;
			baseConfigurationReference = AF84ED8BFE9EA7E9C56D98F9 /* Pods-NewsReaderTests.release.xcconfig */;
			buildSettings = {
				ALWAYS_EMBED_SWIFT_STANDARD_LIBRARIES = YES;
				BUNDLE_LOADER = "$(TEST_HOST)";
				CODE_SIGN_STYLE = Automatic;
				DEVELOPMENT_TEAM = 92S6VPY8H9;
				INFOPLIST_FILE = NewsReaderTests/Info.plist;
				LD_RUNPATH_SEARCH_PATHS = (
					"$(inherited)",
					"@executable_path/Frameworks",
					"@loader_path/Frameworks",
				);
				PRODUCT_BUNDLE_IDENTIFIER = com.azurehorsecreations.NewsReaderTests;
				PRODUCT_NAME = "$(TARGET_NAME)";
				SWIFT_VERSION = 4.2;
				TARGETED_DEVICE_FAMILY = "1,2";
				TEST_HOST = "$(BUILT_PRODUCTS_DIR)/NewsReader.app/NewsReader";
			};
			name = Release;
		};
		DBFCC0FC225007CA0075DE2E /* Debug */ = {
			isa = XCBuildConfiguration;
			baseConfigurationReference = 1349DACF1B2F135CFB617F85 /* Pods-NewsReaderUITests.debug.xcconfig */;
			buildSettings = {
				ALWAYS_EMBED_SWIFT_STANDARD_LIBRARIES = YES;
				CODE_SIGN_STYLE = Automatic;
				DEVELOPMENT_TEAM = 92S6VPY8H9;
				INFOPLIST_FILE = NewsReaderUITests/Info.plist;
				LD_RUNPATH_SEARCH_PATHS = (
					"$(inherited)",
					"@executable_path/Frameworks",
					"@loader_path/Frameworks",
				);
				PRODUCT_BUNDLE_IDENTIFIER = com.azurehorsecreations.NewsReaderUITests;
				PRODUCT_NAME = "$(TARGET_NAME)";
				SWIFT_VERSION = 4.2;
				TARGETED_DEVICE_FAMILY = "1,2";
				TEST_TARGET_NAME = NewsReader;
			};
			name = Debug;
		};
		DBFCC0FD225007CA0075DE2E /* Release */ = {
			isa = XCBuildConfiguration;
			baseConfigurationReference = 1D1674FA7B6BD0FBE956F2E6 /* Pods-NewsReaderUITests.release.xcconfig */;
			buildSettings = {
				ALWAYS_EMBED_SWIFT_STANDARD_LIBRARIES = YES;
				CODE_SIGN_STYLE = Automatic;
				DEVELOPMENT_TEAM = 92S6VPY8H9;
				INFOPLIST_FILE = NewsReaderUITests/Info.plist;
				LD_RUNPATH_SEARCH_PATHS = (
					"$(inherited)",
					"@executable_path/Frameworks",
					"@loader_path/Frameworks",
				);
				PRODUCT_BUNDLE_IDENTIFIER = com.azurehorsecreations.NewsReaderUITests;
				PRODUCT_NAME = "$(TARGET_NAME)";
				SWIFT_VERSION = 4.2;
				TARGETED_DEVICE_FAMILY = "1,2";
				TEST_TARGET_NAME = NewsReader;
			};
			name = Release;
		};
/* End XCBuildConfiguration section */

/* Begin XCConfigurationList section */
		DBFCC0C8225007C80075DE2E /* Build configuration list for PBXProject "NewsReader" */ = {
			isa = XCConfigurationList;
			buildConfigurations = (
				DBFCC0F3225007CA0075DE2E /* Debug */,
				DBFCC0F4225007CA0075DE2E /* Release */,
			);
			defaultConfigurationIsVisible = 0;
			defaultConfigurationName = Release;
		};
		DBFCC0F5225007CA0075DE2E /* Build configuration list for PBXNativeTarget "NewsReader" */ = {
			isa = XCConfigurationList;
			buildConfigurations = (
				DBFCC0F6225007CA0075DE2E /* Debug */,
				DBFCC0F7225007CA0075DE2E /* Release */,
			);
			defaultConfigurationIsVisible = 0;
			defaultConfigurationName = Release;
		};
		DBFCC0F8225007CA0075DE2E /* Build configuration list for PBXNativeTarget "NewsReaderTests" */ = {
			isa = XCConfigurationList;
			buildConfigurations = (
				DBFCC0F9225007CA0075DE2E /* Debug */,
				DBFCC0FA225007CA0075DE2E /* Release */,
			);
			defaultConfigurationIsVisible = 0;
			defaultConfigurationName = Release;
		};
		DBFCC0FB225007CA0075DE2E /* Build configuration list for PBXNativeTarget "NewsReaderUITests" */ = {
			isa = XCConfigurationList;
			buildConfigurations = (
				DBFCC0FC225007CA0075DE2E /* Debug */,
				DBFCC0FD225007CA0075DE2E /* Release */,
			);
			defaultConfigurationIsVisible = 0;
			defaultConfigurationName = Release;
		};
/* End XCConfigurationList section */
	};
	rootObject = DBFCC0C5225007C80075DE2E /* Project object */;
}
